<?xml version="1.0" encoding="utf-8"?>
<Project ToolsVersion="4.0" xmlns="http://schemas.microsoft.com/developer/msbuild/2003">
  <ItemGroup>
    <Filter Include="Source Files">
      <UniqueIdentifier>{4FC737F1-C7A5-4376-A066-2A32D752A2FF}</UniqueIdentifier>
      <Extensions>cpp;c;cc;cxx;c++;cppm;ixx;def;odl;idl;hpj;bat;asm;asmx</Extensions>
    </Filter>
    <Filter Include="Header Files">
      <UniqueIdentifier>{93995380-89BD-4b04-88EB-625FBE52EBFB}</UniqueIdentifier>
      <Extensions>h;hh;hpp;hxx;h++;hm;inl;inc;ipp;xsd</Extensions>
    </Filter>
    <Filter Include="Resource Files">
      <UniqueIdentifier>{67DA6AB6-F800-4c08-8B7A-83BB121AAD01}</UniqueIdentifier>
      <Extensions>rc;ico;cur;bmp;dlg;rc2;rct;bin;rgs;gif;jpg;jpeg;jpe;resx;tiff;tif;png;wav;mfcribbon-ms</Extensions>
    </Filter>
  </ItemGroup>
  <ItemGroup>
    <ClInclude Include="Declarations\Data Structures\Stack\ArrayStack.h">
      <Filter>Header Files</Filter>
    </ClInclude>
    <ClInclude Include="Declarations\Data Structures\Dictionary\ArrayDictionary.h">
      <Filter>Header Files</Filter>
    </ClInclude>
    <ClInclude Include="Declarations\Cast\move_cast.h">
      <Filter>Header Files</Filter>
    </ClInclude>
    <ClInclude Include="Declarations\Data Structures\Dictionary\AbstractDictionary.h">
      <Filter>Header Files</Filter>
    </ClInclude>
    <ClInclude Include="Declarations\Data Structures\Dictionary\has_key.h">
      <Filter>Header Files</Filter>
    </ClInclude>
    <ClInclude Include="Declarations\Data Structures\Dictionary\has_value.h">
      <Filter>Header Files</Filter>
    </ClInclude>
    <ClInclude Include="Declarations\Data Structures\Dictionary\ListStoredDictionary.h">
      <Filter>Header Files</Filter>
    </ClInclude>
    <ClInclude Include="Declarations\Data Structures\List\AbstractList.h">
      <Filter>Header Files</Filter>
    </ClInclude>
    <ClInclude Include="Declarations\Data Structures\List\ArrayList.h">
      <Filter>Header Files</Filter>
    </ClInclude>
    <ClInclude Include="Declarations\Data Structures\Stack\AbstractStack.h">
      <Filter>Header Files</Filter>
    </ClInclude>
    <ClInclude Include="Declarations\Data Structures\Stack\ListStoredStack.h">
      <Filter>Header Files</Filter>
    </ClInclude>
    <ClInclude Include="Declarations\Data Structures\Tree\Polymorphic\AbstractListStoredTree.h">
      <Filter>Header Files</Filter>
    </ClInclude>
    <ClInclude Include="Declarations\Data Structures\Tree\Polymorphic\AbstractTree.h">
      <Filter>Header Files</Filter>
    </ClInclude>
    <ClInclude Include="Declarations\Data Structures\Tree\Polymorphic\AbstractValuedTree.h">
      <Filter>Header Files</Filter>
    </ClInclude>
    <ClInclude Include="Declarations\Data Structures\Tree\Polymorphic\HuffmanTree.h">
      <Filter>Header Files</Filter>
    </ClInclude>
    <ClInclude Include="Declarations\Data Structures\Tree\Polymorphic\ListStoredTree.h">
      <Filter>Header Files</Filter>
    </ClInclude>
    <ClInclude Include="Declarations\Data Structures\Tree\Polymorphic\NTree.h">
      <Filter>Header Files</Filter>
    </ClInclude>
    <ClInclude Include="Declarations\Data Structures\Pair.h">
      <Filter>Header Files</Filter>
    </ClInclude>
    <ClInclude Include="Declarations\Memory Management\Pointers\AbstractArrayPointer.h">
      <Filter>Header Files</Filter>
    </ClInclude>
    <ClInclude Include="Declarations\Memory Management\Pointers\AbstractInstancePointer.h">
      <Filter>Header Files</Filter>
    </ClInclude>
    <ClInclude Include="Declarations\Memory Management\Pointers\AbstractPointer.h">
      <Filter>Header Files</Filter>
    </ClInclude>
    <ClInclude Include="Declarations\Memory Management\Pointers\Array.h">
      <Filter>Header Files</Filter>
    </ClInclude>
    <ClInclude Include="Declarations\Memory Management\Pointers\ArrayPointer.h">
      <Filter>Header Files</Filter>
    </ClInclude>
    <ClInclude Include="Declarations\Memory Management\Pointers\LazyArray.h">
      <Filter>Header Files</Filter>
    </ClInclude>
    <ClInclude Include="Declarations\Memory Management\Pointers\Optional.h">
      <Filter>Header Files</Filter>
    </ClInclude>
    <ClInclude Include="Declarations\Memory Management\Pointers\Pointer.h">
      <Filter>Header Files</Filter>
    </ClInclude>
    <ClInclude Include="Declarations\Memory Management\Pointers\PolymorphicPointer.h">
      <Filter>Header Files</Filter>
    </ClInclude>
    <ClInclude Include="Declarations\Memory Management\Pointers\SharablePointer.h">
      <Filter>Header Files</Filter>
    </ClInclude>
    <ClInclude Include="Declarations\Memory Management\Pointers\SharablePolymorphicPointer.h">
      <Filter>Header Files</Filter>
    </ClInclude>
    <ClInclude Include="Declarations\Memory Management\between.h">
      <Filter>Header Files</Filter>
    </ClInclude>
    <ClInclude Include="Declarations\Memory Management\find_last.h">
      <Filter>Header Files</Filter>
    </ClInclude>
    <ClInclude Include="Declarations\Memory Management\move_memory.h">
      <Filter>Header Files</Filter>
    </ClInclude>
    <ClInclude Include="Declarations\Memory Management\number_of_digits.h">
      <Filter>Header Files</Filter>
    </ClInclude>
    <ClInclude Include="Declarations\Memory Management\set_memory.h">
      <Filter>Header Files</Filter>
    </ClInclude>
    <ClInclude Include="Declarations\Memory Management\zero_memory.h">
      <Filter>Header Files</Filter>
    </ClInclude>
    <ClInclude Include="Include\Cast\move_cast.h">
      <Filter>Header Files</Filter>
    </ClInclude>
    <ClInclude Include="Include\Data Structures\Dictionary\AbstractDictionary.h">
      <Filter>Header Files</Filter>
    </ClInclude>
    <ClInclude Include="Include\Data Structures\Dictionary\ArrayDictionary.h">
      <Filter>Header Files</Filter>
    </ClInclude>
    <ClInclude Include="Include\Data Structures\Dictionary\has_key.h">
      <Filter>Header Files</Filter>
    </ClInclude>
    <ClInclude Include="Include\Data Structures\Dictionary\has_value.h">
      <Filter>Header Files</Filter>
    </ClInclude>
    <ClInclude Include="Include\Data Structures\Dictionary\ListStoredDictionary.h">
      <Filter>Header Files</Filter>
    </ClInclude>
    <ClInclude Include="Include\Data Structures\List\AbstractList.h">
      <Filter>Header Files</Filter>
    </ClInclude>
    <ClInclude Include="Include\Data Structures\List\ArrayList.h">
      <Filter>Header Files</Filter>
    </ClInclude>
    <ClInclude Include="Include\Data Structures\Stack\AbstractStack.h">
      <Filter>Header Files</Filter>
    </ClInclude>
    <ClInclude Include="Include\Data Structures\Stack\ArrayStack.h">
      <Filter>Header Files</Filter>
    </ClInclude>
    <ClInclude Include="Include\Data Structures\Stack\ListStoredStack.h">
      <Filter>Header Files</Filter>
    </ClInclude>
    <ClInclude Include="Include\Data Structures\Tree\Huffman\HuffmanNode.h">
      <Filter>Header Files</Filter>
    </ClInclude>
    <ClInclude Include="Include\Data Structures\Tree\Polymorphic\AbstractTree.h">
      <Filter>Header Files</Filter>
    </ClInclude>
    <ClInclude Include="Include\Data Structures\Tree\Polymorphic\AbstractValuedTree.h">
      <Filter>Header Files</Filter>
    </ClInclude>
    <ClInclude Include="Include\Data Structures\Tree\Polymorphic\ArrayTree.h">
      <Filter>Header Files</Filter>
    </ClInclude>
    <ClInclude Include="Include\Data Structures\Tree\Polymorphic\BinaryTree.h">
      <Filter>Header Files</Filter>
    </ClInclude>
    <ClInclude Include="Include\Data Structures\Tree\Polymorphic\ListStoredTree.h">
      <Filter>Header Files</Filter>
    </ClInclude>
    <ClInclude Include="Include\Data Structures\Tree\Polymorphic\NTree.h">
      <Filter>Header Files</Filter>
    </ClInclude>
    <ClInclude Include="Include\Data Structures\Tree\Tree.h">
      <Filter>Header Files</Filter>
    </ClInclude>
    <ClInclude Include="Include\Data Structures\Pair.h">
      <Filter>Header Files</Filter>
    </ClInclude>
    <ClInclude Include="Include\Defines\ConsoleFormatting.h">
      <Filter>Header Files</Filter>
    </ClInclude>
    <ClInclude Include="Include\Defines\ConsoleText.h">
      <Filter>Header Files</Filter>
    </ClInclude>
    <ClInclude Include="Include\Defines\Platform.h">
      <Filter>Header Files</Filter>
    </ClInclude>
    <ClInclude Include="Include\Defines\STRINGIZE.h">
      <Filter>Header Files</Filter>
    </ClInclude>
    <ClInclude Include="Include\Internet\Http\HttpHeader.h">
      <Filter>Header Files</Filter>
    </ClInclude>
    <ClInclude Include="Include\Internet\Http\HttpRequest.h">
      <Filter>Header Files</Filter>
    </ClInclude>
    <ClInclude Include="Include\Internet\Http\HttpResponse.h">
      <Filter>Header Files</Filter>
    </ClInclude>
    <ClInclude Include="Include\Internet\Server\AbstractServer.h">
      <Filter>Header Files</Filter>
    </ClInclude>
    <ClInclude Include="Include\Internet\Server\HttpServer.h">
      <Filter>Header Files</Filter>
    </ClInclude>
    <ClInclude Include="Include\Internet\Server\HttpService.h">
      <Filter>Header Files</Filter>
    </ClInclude>
    <ClInclude Include="Include\Internet\Socket\Windows\WindowsTCPSocket.h">
      <Filter>Header Files</Filter>
    </ClInclude>
    <ClInclude Include="Include\Internet\Socket\AbstractSocket.h">
      <Filter>Header Files</Filter>
    </ClInclude>
    <ClInclude Include="Include\Internet\Socket\LinuxSocket.h">
      <Filter>Header Files</Filter>
    </ClInclude>
    <ClInclude Include="Include\Internet\Socket\Socket.h">
      <Filter>Header Files</Filter>
    </ClInclude>
    <ClInclude Include="Include\Internet\Socket\SocketImplementation.h">
      <Filter>Header Files</Filter>
    </ClInclude>
    <ClInclude Include="Include\Memory Management\Pointers\AbstractArrayPointer.h">
      <Filter>Header Files</Filter>
    </ClInclude>
    <ClInclude Include="Include\Memory Management\Pointers\AbstractInstancePointer.h">
      <Filter>Header Files</Filter>
    </ClInclude>
    <ClInclude Include="Include\Memory Management\Pointers\AbstractPointer.h">
      <Filter>Header Files</Filter>
    </ClInclude>
    <ClInclude Include="Include\Memory Management\Pointers\Array.h">
      <Filter>Header Files</Filter>
    </ClInclude>
    <ClInclude Include="Include\Memory Management\Pointers\ArrayPointer.h">
      <Filter>Header Files</Filter>
    </ClInclude>
    <ClInclude Include="Include\Memory Management\Pointers\LazyArray.h">
      <Filter>Header Files</Filter>
    </ClInclude>
    <ClInclude Include="Include\Memory Management\Pointers\Optional.h">
      <Filter>Header Files</Filter>
    </ClInclude>
    <ClInclude Include="Include\Memory Management\Pointers\Pointer.h">
      <Filter>Header Files</Filter>
    </ClInclude>
    <ClInclude Include="Include\Memory Management\Pointers\PolymorphicPointer.h">
      <Filter>Header Files</Filter>
    </ClInclude>
    <ClInclude Include="Include\Memory Management\Pointers\SharablePointer.h">
      <Filter>Header Files</Filter>
    </ClInclude>
    <ClInclude Include="Include\Memory Management\Pointers\SharablePolymorphicPointer.h">
      <Filter>Header Files</Filter>
    </ClInclude>
    <ClInclude Include="Include\Memory Management\Trackers\ChronologicalTracker.h">
      <Filter>Header Files</Filter>
    </ClInclude>
    <ClInclude Include="Include\Memory Management\between.h">
      <Filter>Header Files</Filter>
    </ClInclude>
    <ClInclude Include="Include\Memory Management\compare_memory.h">
      <Filter>Header Files</Filter>
    </ClInclude>
    <ClInclude Include="Include\Memory Management\contains.h">
      <Filter>Header Files</Filter>
    </ClInclude>
    <ClInclude Include="Include\Memory Management\copy.h">
      <Filter>Header Files</Filter>
    </ClInclude>
    <ClInclude Include="Include\Memory Management\copy_memory.h">
      <Filter>Header Files</Filter>
    </ClInclude>
    <ClInclude Include="Include\Memory Management\count.h">
      <Filter>Header Files</Filter>
    </ClInclude>
    <ClInclude Include="Include\Memory Management\find.h">
      <Filter>Header Files</Filter>
    </ClInclude>
    <ClInclude Include="Include\Memory Management\find_last.h">
      <Filter>Header Files</Filter>
    </ClInclude>
    <ClInclude Include="Include\Memory Management\move_memory.h">
      <Filter>Header Files</Filter>
    </ClInclude>
    <ClInclude Include="Include\Memory Management\number_of_digits.h">
      <Filter>Header Files</Filter>
    </ClInclude>
    <ClInclude Include="Include\Memory Management\set_memory.h">
      <Filter>Header Files</Filter>
    </ClInclude>
    <ClInclude Include="Include\Memory Management\zero_memory.h">
      <Filter>Header Files</Filter>
    </ClInclude>
    <ClInclude Include="Include\Paradigms\PROTO_COPY_CONSTRUCTOR_PARADIGM.h">
      <Filter>Header Files</Filter>
    </ClInclude>
    <ClInclude Include="Include\Paradigms\PROTO_COPY_OPERATOR_PARADIGM.h">
      <Filter>Header Files</Filter>
    </ClInclude>
    <ClInclude Include="Include\Paradigms\PROTO_MOVE_CONSTRUCTOR_PARADIGM.h">
      <Filter>Header Files</Filter>
    </ClInclude>
    <ClInclude Include="Include\Paradigms\PROTO_MOVE_OPERATOR_PARADIGM.h">
      <Filter>Header Files</Filter>
    </ClInclude>
    <ClInclude Include="Include\Storage Management\FileReader.h">
      <Filter>Header Files</Filter>
    </ClInclude>
    <ClInclude Include="Include\Storage Management\FileWriter.h">
      <Filter>Header Files</Filter>
    </ClInclude>
    <ClInclude Include="Include\Windows\Console\Formatting\Background\BackgroundBlack.h">
      <Filter>Header Files</Filter>
    </ClInclude>
    <ClInclude Include="Include\Windows\Console\Formatting\Background\BackgroundBlue.h">
      <Filter>Header Files</Filter>
    </ClInclude>
    <ClInclude Include="Include\Windows\Console\Formatting\Background\BackgroundCyan.h">
      <Filter>Header Files</Filter>
    </ClInclude>
    <ClInclude Include="Include\Windows\Console\Formatting\Background\BackgroundGreen.h">
      <Filter>Header Files</Filter>
    </ClInclude>
    <ClInclude Include="Include\Windows\Console\Formatting\Background\BackgroundMagenta.h">
      <Filter>Header Files</Filter>
    </ClInclude>
    <ClInclude Include="Include\Windows\Console\Formatting\Background\BackgroundRed.h">
      <Filter>Header Files</Filter>
    </ClInclude>
    <ClInclude Include="Include\Windows\Console\Formatting\Background\BackgroundWhite.h">
      <Filter>Header Files</Filter>
    </ClInclude>
    <ClInclude Include="Include\Windows\Console\Formatting\Background\BackgroundYellow.h">
      <Filter>Header Files</Filter>
    </ClInclude>
    <ClInclude Include="Include\Windows\Console\Formatting\Foreground\ForegroundBlack.h">
      <Filter>Header Files</Filter>
    </ClInclude>
    <ClInclude Include="Include\Windows\Console\Formatting\Foreground\ForegroundBlue.h">
      <Filter>Header Files</Filter>
    </ClInclude>
    <ClInclude Include="Include\Windows\Console\Formatting\Foreground\ForegroundCyan.h">
      <Filter>Header Files</Filter>
    </ClInclude>
    <ClInclude Include="Include\Windows\Console\Formatting\Foreground\ForegroundGreen.h">
      <Filter>Header Files</Filter>
    </ClInclude>
    <ClInclude Include="Include\Windows\Console\Formatting\Foreground\ForegroundMagenta.h">
      <Filter>Header Files</Filter>
    </ClInclude>
    <ClInclude Include="Include\Windows\Console\Formatting\Foreground\ForegroundRed.h">
      <Filter>Header Files</Filter>
    </ClInclude>
    <ClInclude Include="Include\Windows\Console\Formatting\Foreground\ForegroundWhite.h">
      <Filter>Header Files</Filter>
    </ClInclude>
    <ClInclude Include="Include\Windows\Console\Formatting\Foreground\ForegroundYellow.h">
      <Filter>Header Files</Filter>
    </ClInclude>
    <ClInclude Include="Include\Windows\Console\Formatting\BoldFormat.h">
      <Filter>Header Files</Filter>
    </ClInclude>
    <ClInclude Include="Include\Windows\Console\Formatting\DefaultFormat.h">
      <Filter>Header Files</Filter>
    </ClInclude>
    <ClInclude Include="Include\Windows\Console\Formatting\WindowsConsoleFormat.h">
      <Filter>Header Files</Filter>
    </ClInclude>
    <ClInclude Include="Include\ProtoString.h">
      <Filter>Header Files</Filter>
    </ClInclude>
    <ClInclude Include="Testing\Include\Memory Management\Pointers\TestPointer.h">
      <Filter>Header Files</Filter>
    </ClInclude>
    <ClInclude Include="Testing\Include\Memory Management\TestMemoryManagement.h">
      <Filter>Header Files</Filter>
    </ClInclude>
    <ClInclude Include="Testing\Include\Test.h">
      <Filter>Header Files</Filter>
    </ClInclude>
    <ClInclude Include="Testing\Include\TestProto.h">
      <Filter>Header Files</Filter>
    </ClInclude>
    <ClInclude Include="Testing\Include\TestProtoString.h">
      <Filter>Header Files</Filter>
    </ClInclude>
    <ClInclude Include="Include\Cast\ref_cast.h">
      <Filter>Header Files</Filter>
    </ClInclude>
    <ClInclude Include="Include\Declarations\Cast\move_cast.h">
      <Filter>Header Files</Filter>
    </ClInclude>
    <ClInclude Include="Include\Declarations\Data Structures\Dictionary\AbstractDictionary.h">
      <Filter>Header Files</Filter>
    </ClInclude>
    <ClInclude Include="Include\Declarations\Data Structures\Dictionary\has_key.h">
      <Filter>Header Files</Filter>
    </ClInclude>
    <ClInclude Include="Include\Declarations\Data Structures\Dictionary\has_value.h">
      <Filter>Header Files</Filter>
    </ClInclude>
    <ClInclude Include="Include\Declarations\Data Structures\Dictionary\ListStoredDictionary.h">
      <Filter>Header Files</Filter>
    </ClInclude>
    <ClInclude Include="Include\Declarations\Data Structures\List\AbstractList.h">
      <Filter>Header Files</Filter>
    </ClInclude>
    <ClInclude Include="Include\Declarations\Data Structures\List\ArrayList.h">
      <Filter>Header Files</Filter>
    </ClInclude>
    <ClInclude Include="Include\Declarations\Data Structures\Stack\AbstractStack.h">
      <Filter>Header Files</Filter>
    </ClInclude>
    <ClInclude Include="Include\Declarations\Data Structures\Stack\ListStoredStack.h">
      <Filter>Header Files</Filter>
    </ClInclude>
    <ClInclude Include="Include\Declarations\Data Structures\Tree\Polymorphic\AbstractListStoredTree.h">
      <Filter>Header Files</Filter>
    </ClInclude>
    <ClInclude Include="Include\Declarations\Data Structures\Tree\Polymorphic\AbstractTree.h">
      <Filter>Header Files</Filter>
    </ClInclude>
    <ClInclude Include="Include\Declarations\Data Structures\Tree\Polymorphic\AbstractValuedTree.h">
      <Filter>Header Files</Filter>
    </ClInclude>
    <ClInclude Include="Include\Declarations\Data Structures\Tree\Polymorphic\ArrayTree.h">
      <Filter>Header Files</Filter>
    </ClInclude>
    <ClInclude Include="Include\Declarations\Data Structures\Tree\Polymorphic\BinaryTree.h">
      <Filter>Header Files</Filter>
    </ClInclude>
    <ClInclude Include="Include\Declarations\Data Structures\Tree\Polymorphic\HuffmanTree.h">
      <Filter>Header Files</Filter>
    </ClInclude>
    <ClInclude Include="Include\Declarations\Data Structures\Tree\Polymorphic\ListStoredTree.h">
      <Filter>Header Files</Filter>
    </ClInclude>
    <ClInclude Include="Include\Declarations\Data Structures\Tree\Polymorphic\NTree.h">
      <Filter>Header Files</Filter>
    </ClInclude>
    <ClInclude Include="Include\Declarations\Data Structures\Pair.h">
      <Filter>Header Files</Filter>
    </ClInclude>
    <ClInclude Include="Include\Declarations\Memory Management\Pointers\AbstractArrayPointer.h">
      <Filter>Header Files</Filter>
    </ClInclude>
    <ClInclude Include="Include\Declarations\Memory Management\Pointers\AbstractInstancePointer.h">
      <Filter>Header Files</Filter>
    </ClInclude>
    <ClInclude Include="Include\Declarations\Memory Management\Pointers\AbstractPointer.h">
      <Filter>Header Files</Filter>
    </ClInclude>
    <ClInclude Include="Include\Declarations\Memory Management\Pointers\Array.h">
      <Filter>Header Files</Filter>
    </ClInclude>
    <ClInclude Include="Include\Declarations\Memory Management\Pointers\ArrayPointer.h">
      <Filter>Header Files</Filter>
    </ClInclude>
    <ClInclude Include="Include\Declarations\Memory Management\Pointers\LazyArray.h">
      <Filter>Header Files</Filter>
    </ClInclude>
    <ClInclude Include="Include\Declarations\Memory Management\Pointers\Optional.h">
      <Filter>Header Files</Filter>
    </ClInclude>
    <ClInclude Include="Include\Declarations\Memory Management\Pointers\Pointer.h">
      <Filter>Header Files</Filter>
    </ClInclude>
    <ClInclude Include="Include\Declarations\Memory Management\Pointers\PolymorphicPointer.h">
      <Filter>Header Files</Filter>
    </ClInclude>
    <ClInclude Include="Include\Declarations\Memory Management\Pointers\SharablePointer.h">
      <Filter>Header Files</Filter>
    </ClInclude>
    <ClInclude Include="Include\Declarations\Memory Management\Pointers\SharablePolymorphicPointer.h">
      <Filter>Header Files</Filter>
    </ClInclude>
    <ClInclude Include="Include\Declarations\Memory Management\between.h">
      <Filter>Header Files</Filter>
    </ClInclude>
    <ClInclude Include="Include\Declarations\Memory Management\Cloneable.h">
      <Filter>Header Files</Filter>
    </ClInclude>
    <ClInclude Include="Include\Declarations\Memory Management\find_last.h">
      <Filter>Header Files</Filter>
    </ClInclude>
    <ClInclude Include="Include\Declarations\Memory Management\move_memory.h">
      <Filter>Header Files</Filter>
    </ClInclude>
    <ClInclude Include="Include\Declarations\Memory Management\number_of_digits.h">
      <Filter>Header Files</Filter>
    </ClInclude>
    <ClInclude Include="Include\Declarations\Memory Management\set_memory.h">
      <Filter>Header Files</Filter>
    </ClInclude>
    <ClInclude Include="Include\Declarations\Memory Management\zero_memory.h">
      <Filter>Header Files</Filter>
    </ClInclude>
    <ClInclude Include="Include\Memory Management\Cloneable.h">
      <Filter>Header Files</Filter>
    </ClInclude>
  </ItemGroup>
  <ItemGroup>
    <ClCompile Include="Src\Internet\Server\HttpServer.cpp">
      <Filter>Source Files</Filter>
    </ClCompile>
    <ClCompile Include="Src\Internet\Socket\Linux\LinuxSocket.cpp">
      <Filter>Source Files</Filter>
    </ClCompile>
    <ClCompile Include="Src\Internet\Socket\Windows\WindowsTCPSocket.cpp">
      <Filter>Source Files</Filter>
    </ClCompile>
    <ClCompile Include="Src\Memory Management\Trackers\ChronologicalTracker.cpp">
      <Filter>Source Files</Filter>
    </ClCompile>
    <ClCompile Include="Src\Storage Management\FileReader.cpp">
      <Filter>Source Files</Filter>
    </ClCompile>
    <ClCompile Include="Src\Storage Management\FileWriter.cpp">
      <Filter>Source Files</Filter>
    </ClCompile>
    <ClCompile Include="Src\Windows\Console\Formatting\Background\BackgroundBlack.cpp">
      <Filter>Source Files</Filter>
    </ClCompile>
    <ClCompile Include="Src\Windows\Console\Formatting\Background\BackgroundBlue.cpp">
      <Filter>Source Files</Filter>
    </ClCompile>
    <ClCompile Include="Src\Windows\Console\Formatting\Background\BackgroundCyan.cpp">
      <Filter>Source Files</Filter>
    </ClCompile>
    <ClCompile Include="Src\Windows\Console\Formatting\Background\BackgroundGreen.cpp">
      <Filter>Source Files</Filter>
    </ClCompile>
    <ClCompile Include="Src\Windows\Console\Formatting\Background\BackgroundMagenta.cpp">
      <Filter>Source Files</Filter>
    </ClCompile>
    <ClCompile Include="Src\Windows\Console\Formatting\Background\BackgroundRed.cpp">
      <Filter>Source Files</Filter>
    </ClCompile>
    <ClCompile Include="Src\Windows\Console\Formatting\Background\BackgroundWhite.cpp">
      <Filter>Source Files</Filter>
    </ClCompile>
    <ClCompile Include="Src\Windows\Console\Formatting\Background\BackgroundYellow.cpp">
      <Filter>Source Files</Filter>
    </ClCompile>
    <ClCompile Include="Src\Windows\Console\Formatting\Foreground\ForegroundBlack.cpp">
      <Filter>Source Files</Filter>
    </ClCompile>
    <ClCompile Include="Src\Windows\Console\Formatting\Foreground\ForegroundBlue.cpp">
      <Filter>Source Files</Filter>
    </ClCompile>
    <ClCompile Include="Src\Windows\Console\Formatting\Foreground\ForegroundCyan.cpp">
      <Filter>Source Files</Filter>
    </ClCompile>
    <ClCompile Include="Src\Windows\Console\Formatting\Foreground\ForegroundGreen.cpp">
      <Filter>Source Files</Filter>
    </ClCompile>
    <ClCompile Include="Src\Windows\Console\Formatting\Foreground\ForegroundMagenta.cpp">
      <Filter>Source Files</Filter>
    </ClCompile>
    <ClCompile Include="Src\Windows\Console\Formatting\Foreground\ForegroundRed.cpp">
      <Filter>Source Files</Filter>
    </ClCompile>
    <ClCompile Include="Src\Windows\Console\Formatting\Foreground\ForegroundWhite.cpp">
      <Filter>Source Files</Filter>
    </ClCompile>
    <ClCompile Include="Src\Windows\Console\Formatting\Foreground\ForegroundYellow.cpp">
      <Filter>Source Files</Filter>
    </ClCompile>
    <ClCompile Include="Src\Windows\Console\Formatting\BoldFormat.cpp">
      <Filter>Source Files</Filter>
    </ClCompile>
    <ClCompile Include="Src\Windows\Console\Formatting\DefaultFormat.cpp">
      <Filter>Source Files</Filter>
    </ClCompile>
    <ClCompile Include="Src\Windows\Console\Formatting\WindowsConsoleFormat.cpp">
      <Filter>Source Files</Filter>
    </ClCompile>
    <ClCompile Include="Src\ProtoString.cpp">
      <Filter>Source Files</Filter>
    </ClCompile>
    <ClCompile Include="Testing\Src\Memory Management\Pointers\TestPointer.cpp">
      <Filter>Source Files</Filter>
    </ClCompile>
    <ClCompile Include="Testing\Src\Memory Management\TestMemoryManagement.cpp">
      <Filter>Source Files</Filter>
    </ClCompile>
    <ClCompile Include="Testing\Src\Test.cpp">
      <Filter>Source Files</Filter>
    </ClCompile>
    <ClCompile Include="Testing\Src\TestProto.cpp">
      <Filter>Source Files</Filter>
    </ClCompile>
  </ItemGroup>
</Project>